// !$*UTF8*$!
{
	archiveVersion = 1;
	classes = {
	};
	objectVersion = 50;
	objects = {

/* Begin PBXBuildFile section */
		B64F777524561A4E0061AC49 /* Cell.swift in Sources */ = {isa = PBXBuildFile; fileRef = B64F777424561A4E0061AC49 /* Cell.swift */; };
		B6567F6B2453BBFF009E4E03 /* UIColor.swift in Sources */ = {isa = PBXBuildFile; fileRef = B6567F6A2453BBFF009E4E03 /* UIColor.swift */; };
		B6567F6E2454A11E009E4E03 /* PhotoPickingCollectionViewController.swift in Sources */ = {isa = PBXBuildFile; fileRef = B6567F6D2454A11E009E4E03 /* PhotoPickingCollectionViewController.swift */; };
		B6567F702454BBA9009E4E03 /* PhotoPickingCollectionViewCell.swift in Sources */ = {isa = PBXBuildFile; fileRef = B6567F6F2454BBA9009E4E03 /* PhotoPickingCollectionViewCell.swift */; };
		B6567F722455C606009E4E03 /* ContainerViewController.swift in Sources */ = {isa = PBXBuildFile; fileRef = B6567F712455C606009E4E03 /* ContainerViewController.swift */; };
		B6567F742455D7F3009E4E03 /* HorizontalBottomCollectionViewCell.swift in Sources */ = {isa = PBXBuildFile; fileRef = B6567F732455D7F3009E4E03 /* HorizontalBottomCollectionViewCell.swift */; };
		B66F781D24537AF400E0727E /* AppDelegate.swift in Sources */ = {isa = PBXBuildFile; fileRef = B66F781C24537AF400E0727E /* AppDelegate.swift */; };
		B66F781F24537AF400E0727E /* SceneDelegate.swift in Sources */ = {isa = PBXBuildFile; fileRef = B66F781E24537AF400E0727E /* SceneDelegate.swift */; };
		B66F782124537AF400E0727E /* MainViewController.swift in Sources */ = {isa = PBXBuildFile; fileRef = B66F782024537AF400E0727E /* MainViewController.swift */; };
		B66F782424537AF400E0727E /* Main.storyboard in Resources */ = {isa = PBXBuildFile; fileRef = B66F782224537AF400E0727E /* Main.storyboard */; };
		B66F782624537AF500E0727E /* Assets.xcassets in Resources */ = {isa = PBXBuildFile; fileRef = B66F782524537AF500E0727E /* Assets.xcassets */; };
		B66F782924537AF500E0727E /* LaunchScreen.storyboard in Resources */ = {isa = PBXBuildFile; fileRef = B66F782724537AF500E0727E /* LaunchScreen.storyboard */; };
		B66F7836245380F100E0727E /* BottomCollectionViewCell.swift in Sources */ = {isa = PBXBuildFile; fileRef = B66F7835245380F100E0727E /* BottomCollectionViewCell.swift */; };
		B66F7840245384F700E0727E /* GiftedUITests.swift in Sources */ = {isa = PBXBuildFile; fileRef = B66F783F245384F700E0727E /* GiftedUITests.swift */; };
		B66F784E2453850200E0727E /* GiftedTests.swift in Sources */ = {isa = PBXBuildFile; fileRef = B66F784D2453850200E0727E /* GiftedTests.swift */; };
		B66F78562453864100E0727E /* Default-568h@2x.png in Resources */ = {isa = PBXBuildFile; fileRef = B66F78552453864100E0727E /* Default-568h@2x.png */; };
		B66F785A2453961B00E0727E /* TopCollectionViewCell.swift in Sources */ = {isa = PBXBuildFile; fileRef = B66F78592453961B00E0727E /* TopCollectionViewCell.swift */; };
		B688B4B4245628AD00377CBF /* CustomizeViewController.swift in Sources */ = {isa = PBXBuildFile; fileRef = B688B4B3245628AD00377CBF /* CustomizeViewController.swift */; };
		B688B4B6245655D400377CBF /* EditOptionCell.swift in Sources */ = {isa = PBXBuildFile; fileRef = B688B4B5245655D400377CBF /* EditOptionCell.swift */; };
/* End PBXBuildFile section */

/* Begin PBXContainerItemProxy section */
		B66F7842245384F700E0727E /* PBXContainerItemProxy */ = {
			isa = PBXContainerItemProxy;
			containerPortal = B66F781124537AF400E0727E /* Project object */;
			proxyType = 1;
			remoteGlobalIDString = B66F781824537AF400E0727E;
			remoteInfo = Gifted;
		};
		B66F78502453850200E0727E /* PBXContainerItemProxy */ = {
			isa = PBXContainerItemProxy;
			containerPortal = B66F781124537AF400E0727E /* Project object */;
			proxyType = 1;
			remoteGlobalIDString = B66F781824537AF400E0727E;
			remoteInfo = Gifted;
		};
/* End PBXContainerItemProxy section */

/* Begin PBXFileReference section */
		B64F777424561A4E0061AC49 /* Cell.swift */ = {isa = PBXFileReference; lastKnownFileType = sourcecode.swift; path = Cell.swift; sourceTree = "<group>"; };
		B6567F6A2453BBFF009E4E03 /* UIColor.swift */ = {isa = PBXFileReference; lastKnownFileType = sourcecode.swift; path = UIColor.swift; sourceTree = "<group>"; };
		B6567F6D2454A11E009E4E03 /* PhotoPickingCollectionViewController.swift */ = {isa = PBXFileReference; lastKnownFileType = sourcecode.swift; path = PhotoPickingCollectionViewController.swift; sourceTree = "<group>"; };
		B6567F6F2454BBA9009E4E03 /* PhotoPickingCollectionViewCell.swift */ = {isa = PBXFileReference; lastKnownFileType = sourcecode.swift; path = PhotoPickingCollectionViewCell.swift; sourceTree = "<group>"; };
		B6567F712455C606009E4E03 /* ContainerViewController.swift */ = {isa = PBXFileReference; lastKnownFileType = sourcecode.swift; path = ContainerViewController.swift; sourceTree = "<group>"; };
		B6567F732455D7F3009E4E03 /* HorizontalBottomCollectionViewCell.swift */ = {isa = PBXFileReference; lastKnownFileType = sourcecode.swift; path = HorizontalBottomCollectionViewCell.swift; sourceTree = "<group>"; };
		B66F781924537AF400E0727E /* Gifted.app */ = {isa = PBXFileReference; explicitFileType = wrapper.application; includeInIndex = 0; path = Gifted.app; sourceTree = BUILT_PRODUCTS_DIR; };
		B66F781C24537AF400E0727E /* AppDelegate.swift */ = {isa = PBXFileReference; lastKnownFileType = sourcecode.swift; path = AppDelegate.swift; sourceTree = "<group>"; };
		B66F781E24537AF400E0727E /* SceneDelegate.swift */ = {isa = PBXFileReference; lastKnownFileType = sourcecode.swift; path = SceneDelegate.swift; sourceTree = "<group>"; };
		B66F782024537AF400E0727E /* MainViewController.swift */ = {isa = PBXFileReference; lastKnownFileType = sourcecode.swift; path = MainViewController.swift; sourceTree = "<group>"; };
		B66F782324537AF400E0727E /* Base */ = {isa = PBXFileReference; lastKnownFileType = file.storyboard; name = Base; path = Base.lproj/Main.storyboard; sourceTree = "<group>"; };
		B66F782524537AF500E0727E /* Assets.xcassets */ = {isa = PBXFileReference; lastKnownFileType = folder.assetcatalog; path = Assets.xcassets; sourceTree = "<group>"; };
		B66F782824537AF500E0727E /* Base */ = {isa = PBXFileReference; lastKnownFileType = file.storyboard; name = Base; path = Base.lproj/LaunchScreen.storyboard; sourceTree = "<group>"; };
		B66F782A24537AF500E0727E /* Info.plist */ = {isa = PBXFileReference; lastKnownFileType = text.plist.xml; path = Info.plist; sourceTree = "<group>"; };
		B66F7835245380F100E0727E /* BottomCollectionViewCell.swift */ = {isa = PBXFileReference; lastKnownFileType = sourcecode.swift; path = BottomCollectionViewCell.swift; sourceTree = "<group>"; };
		B66F783D245384F700E0727E /* GiftedUITests.xctest */ = {isa = PBXFileReference; explicitFileType = wrapper.cfbundle; includeInIndex = 0; path = GiftedUITests.xctest; sourceTree = BUILT_PRODUCTS_DIR; };
		B66F783F245384F700E0727E /* GiftedUITests.swift */ = {isa = PBXFileReference; lastKnownFileType = sourcecode.swift; path = GiftedUITests.swift; sourceTree = "<group>"; };
		B66F7841245384F700E0727E /* Info.plist */ = {isa = PBXFileReference; lastKnownFileType = text.plist.xml; path = Info.plist; sourceTree = "<group>"; };
		B66F784B2453850200E0727E /* GiftedTests.xctest */ = {isa = PBXFileReference; explicitFileType = wrapper.cfbundle; includeInIndex = 0; path = GiftedTests.xctest; sourceTree = BUILT_PRODUCTS_DIR; };
		B66F784D2453850200E0727E /* GiftedTests.swift */ = {isa = PBXFileReference; lastKnownFileType = sourcecode.swift; path = GiftedTests.swift; sourceTree = "<group>"; };
		B66F784F2453850200E0727E /* Info.plist */ = {isa = PBXFileReference; lastKnownFileType = text.plist.xml; path = Info.plist; sourceTree = "<group>"; };
		B66F78552453864100E0727E /* Default-568h@2x.png */ = {isa = PBXFileReference; lastKnownFileType = image.png; path = "Default-568h@2x.png"; sourceTree = "<group>"; };
		B66F78592453961B00E0727E /* TopCollectionViewCell.swift */ = {isa = PBXFileReference; lastKnownFileType = sourcecode.swift; path = TopCollectionViewCell.swift; sourceTree = "<group>"; };
		B688B4B3245628AD00377CBF /* CustomizeViewController.swift */ = {isa = PBXFileReference; lastKnownFileType = sourcecode.swift; path = CustomizeViewController.swift; sourceTree = "<group>"; };
		B688B4B5245655D400377CBF /* EditOptionCell.swift */ = {isa = PBXFileReference; lastKnownFileType = sourcecode.swift; path = EditOptionCell.swift; sourceTree = "<group>"; };
/* End PBXFileReference section */

/* Begin PBXFrameworksBuildPhase section */
		B66F781624537AF400E0727E /* Frameworks */ = {
			isa = PBXFrameworksBuildPhase;
			buildActionMask = 2147483647;
			files = (
			);
			runOnlyForDeploymentPostprocessing = 0;
		};
		B66F783A245384F700E0727E /* Frameworks */ = {
			isa = PBXFrameworksBuildPhase;
			buildActionMask = 2147483647;
			files = (
			);
			runOnlyForDeploymentPostprocessing = 0;
		};
		B66F78482453850200E0727E /* Frameworks */ = {
			isa = PBXFrameworksBuildPhase;
			buildActionMask = 2147483647;
			files = (
			);
			runOnlyForDeploymentPostprocessing = 0;
		};
/* End PBXFrameworksBuildPhase section */

/* Begin PBXGroup section */
		B64F777324561A330061AC49 /* Constant */ = {
			isa = PBXGroup;
			children = (
				B64F777424561A4E0061AC49 /* Cell.swift */,
			);
			path = Constant;
			sourceTree = "<group>";
		};
		B6567F692453BBDB009E4E03 /* Convenience + Ext */ = {
			isa = PBXGroup;
			children = (
				B6567F6A2453BBFF009E4E03 /* UIColor.swift */,
			);
			path = "Convenience + Ext";
			sourceTree = "<group>";
		};
		B6567F6C2453D1D0009E4E03 /* Storyboards */ = {
			isa = PBXGroup;
			children = (
				B66F782224537AF400E0727E /* Main.storyboard */,
				B66F782724537AF500E0727E /* LaunchScreen.storyboard */,
			);
			path = Storyboards;
			sourceTree = "<group>";
		};
		B66F781024537AF400E0727E = {
			isa = PBXGroup;
			children = (
				B66F781B24537AF400E0727E /* Gifted */,
				B66F783E245384F700E0727E /* GiftedUITests */,
				B66F784C2453850200E0727E /* GiftedTests */,
				B66F781A24537AF400E0727E /* Products */,
			);
			sourceTree = "<group>";
		};
		B66F781A24537AF400E0727E /* Products */ = {
			isa = PBXGroup;
			children = (
				B66F781924537AF400E0727E /* Gifted.app */,
				B66F783D245384F700E0727E /* GiftedUITests.xctest */,
				B66F784B2453850200E0727E /* GiftedTests.xctest */,
			);
			name = Products;
			sourceTree = "<group>";
		};
		B66F781B24537AF400E0727E /* Gifted */ = {
			isa = PBXGroup;
			children = (
				B64F777324561A330061AC49 /* Constant */,
				B6567F692453BBDB009E4E03 /* Convenience + Ext */,
				B66F78582453885B00E0727E /* Controllers */,
				B66F78572453885500E0727E /* View */,
				B6567F6C2453D1D0009E4E03 /* Storyboards */,
				B66F783024537BE300E0727E /* Resources */,
			);
			path = Gifted;
			sourceTree = "<group>";
		};
		B66F783024537BE300E0727E /* Resources */ = {
			isa = PBXGroup;
			children = (
				B66F782A24537AF500E0727E /* Info.plist */,
				B66F781C24537AF400E0727E /* AppDelegate.swift */,
				B66F781E24537AF400E0727E /* SceneDelegate.swift */,
				B66F782524537AF500E0727E /* Assets.xcassets */,
				B66F78552453864100E0727E /* Default-568h@2x.png */,
			);
			path = Resources;
			sourceTree = "<group>";
		};
		B66F783E245384F700E0727E /* GiftedUITests */ = {
			isa = PBXGroup;
			children = (
				B66F783F245384F700E0727E /* GiftedUITests.swift */,
				B66F7841245384F700E0727E /* Info.plist */,
			);
			path = GiftedUITests;
			sourceTree = "<group>";
		};
		B66F784C2453850200E0727E /* GiftedTests */ = {
			isa = PBXGroup;
			children = (
				B66F784D2453850200E0727E /* GiftedTests.swift */,
				B66F784F2453850200E0727E /* Info.plist */,
			);
			path = GiftedTests;
			sourceTree = "<group>";
		};
		B66F78572453885500E0727E /* View */ = {
			isa = PBXGroup;
			children = (
				B66F78592453961B00E0727E /* TopCollectionViewCell.swift */,
				B66F7835245380F100E0727E /* BottomCollectionViewCell.swift */,
				B6567F6F2454BBA9009E4E03 /* PhotoPickingCollectionViewCell.swift */,
				B6567F732455D7F3009E4E03 /* HorizontalBottomCollectionViewCell.swift */,
				B688B4B5245655D400377CBF /* EditOptionCell.swift */,
			);
			path = View;
			sourceTree = "<group>";
		};
		B66F78582453885B00E0727E /* Controllers */ = {
			isa = PBXGroup;
			children = (
				B66F782024537AF400E0727E /* MainViewController.swift */,
				B6567F6D2454A11E009E4E03 /* PhotoPickingCollectionViewController.swift */,
				B6567F712455C606009E4E03 /* ContainerViewController.swift */,
				B688B4B3245628AD00377CBF /* CustomizeViewController.swift */,
			);
			path = Controllers;
			sourceTree = "<group>";
		};
/* End PBXGroup section */

/* Begin PBXNativeTarget section */
		B66F781824537AF400E0727E /* Gifted */ = {
			isa = PBXNativeTarget;
			buildConfigurationList = B66F782D24537AF500E0727E /* Build configuration list for PBXNativeTarget "Gifted" */;
			buildPhases = (
				B66F781524537AF400E0727E /* Sources */,
				B66F781624537AF400E0727E /* Frameworks */,
				B66F781724537AF400E0727E /* Resources */,
			);
			buildRules = (
			);
			dependencies = (
			);
			name = Gifted;
			productName = Gifted;
			productReference = B66F781924537AF400E0727E /* Gifted.app */;
			productType = "com.apple.product-type.application";
		};
		B66F783C245384F700E0727E /* GiftedUITests */ = {
			isa = PBXNativeTarget;
			buildConfigurationList = B66F7844245384F700E0727E /* Build configuration list for PBXNativeTarget "GiftedUITests" */;
			buildPhases = (
				B66F7839245384F700E0727E /* Sources */,
				B66F783A245384F700E0727E /* Frameworks */,
				B66F783B245384F700E0727E /* Resources */,
			);
			buildRules = (
			);
			dependencies = (
				B66F7843245384F700E0727E /* PBXTargetDependency */,
			);
			name = GiftedUITests;
			productName = GiftedUITests;
			productReference = B66F783D245384F700E0727E /* GiftedUITests.xctest */;
			productType = "com.apple.product-type.bundle.ui-testing";
		};
		B66F784A2453850200E0727E /* GiftedTests */ = {
			isa = PBXNativeTarget;
			buildConfigurationList = B66F78522453850200E0727E /* Build configuration list for PBXNativeTarget "GiftedTests" */;
			buildPhases = (
				B66F78472453850200E0727E /* Sources */,
				B66F78482453850200E0727E /* Frameworks */,
				B66F78492453850200E0727E /* Resources */,
			);
			buildRules = (
			);
			dependencies = (
				B66F78512453850200E0727E /* PBXTargetDependency */,
			);
			name = GiftedTests;
			productName = GiftedTests;
			productReference = B66F784B2453850200E0727E /* GiftedTests.xctest */;
			productType = "com.apple.product-type.bundle.unit-test";
		};
/* End PBXNativeTarget section */

/* Begin PBXProject section */
		B66F781124537AF400E0727E /* Project object */ = {
			isa = PBXProject;
			attributes = {
				LastSwiftUpdateCheck = 1140;
				LastUpgradeCheck = 1140;
				ORGANIZATIONNAME = "Nick Nguyen";
				TargetAttributes = {
					B66F781824537AF400E0727E = {
						CreatedOnToolsVersion = 11.4.1;
					};
					B66F783C245384F700E0727E = {
						CreatedOnToolsVersion = 11.4.1;
						TestTargetID = B66F781824537AF400E0727E;
					};
					B66F784A2453850200E0727E = {
						CreatedOnToolsVersion = 11.4.1;
						TestTargetID = B66F781824537AF400E0727E;
					};
				};
			};
			buildConfigurationList = B66F781424537AF400E0727E /* Build configuration list for PBXProject "Gifted" */;
			compatibilityVersion = "Xcode 9.3";
			developmentRegion = en;
			hasScannedForEncodings = 0;
			knownRegions = (
				en,
				Base,
			);
			mainGroup = B66F781024537AF400E0727E;
			productRefGroup = B66F781A24537AF400E0727E /* Products */;
			projectDirPath = "";
			projectRoot = "";
			targets = (
				B66F781824537AF400E0727E /* Gifted */,
				B66F783C245384F700E0727E /* GiftedUITests */,
				B66F784A2453850200E0727E /* GiftedTests */,
			);
		};
/* End PBXProject section */

/* Begin PBXResourcesBuildPhase section */
		B66F781724537AF400E0727E /* Resources */ = {
			isa = PBXResourcesBuildPhase;
			buildActionMask = 2147483647;
			files = (
				B66F782924537AF500E0727E /* LaunchScreen.storyboard in Resources */,
				B66F78562453864100E0727E /* Default-568h@2x.png in Resources */,
				B66F782624537AF500E0727E /* Assets.xcassets in Resources */,
				B66F782424537AF400E0727E /* Main.storyboard in Resources */,
			);
			runOnlyForDeploymentPostprocessing = 0;
		};
		B66F783B245384F700E0727E /* Resources */ = {
			isa = PBXResourcesBuildPhase;
			buildActionMask = 2147483647;
			files = (
			);
			runOnlyForDeploymentPostprocessing = 0;
		};
		B66F78492453850200E0727E /* Resources */ = {
			isa = PBXResourcesBuildPhase;
			buildActionMask = 2147483647;
			files = (
			);
			runOnlyForDeploymentPostprocessing = 0;
		};
/* End PBXResourcesBuildPhase section */

/* Begin PBXSourcesBuildPhase section */
		B66F781524537AF400E0727E /* Sources */ = {
			isa = PBXSourcesBuildPhase;
			buildActionMask = 2147483647;
			files = (
				B688B4B6245655D400377CBF /* EditOptionCell.swift in Sources */,
				B6567F6E2454A11E009E4E03 /* PhotoPickingCollectionViewController.swift in Sources */,
				B6567F742455D7F3009E4E03 /* HorizontalBottomCollectionViewCell.swift in Sources */,
				B688B4B4245628AD00377CBF /* CustomizeViewController.swift in Sources */,
				B66F782124537AF400E0727E /* MainViewController.swift in Sources */,
				B6567F6B2453BBFF009E4E03 /* UIColor.swift in Sources */,
				B66F781D24537AF400E0727E /* AppDelegate.swift in Sources */,
				B66F785A2453961B00E0727E /* TopCollectionViewCell.swift in Sources */,
				B6567F702454BBA9009E4E03 /* PhotoPickingCollectionViewCell.swift in Sources */,
				B66F7836245380F100E0727E /* BottomCollectionViewCell.swift in Sources */,
				B64F777524561A4E0061AC49 /* Cell.swift in Sources */,
				B6567F722455C606009E4E03 /* ContainerViewController.swift in Sources */,
				B66F781F24537AF400E0727E /* SceneDelegate.swift in Sources */,
			);
			runOnlyForDeploymentPostprocessing = 0;
		};
		B66F7839245384F700E0727E /* Sources */ = {
			isa = PBXSourcesBuildPhase;
			buildActionMask = 2147483647;
			files = (
				B66F7840245384F700E0727E /* GiftedUITests.swift in Sources */,
			);
			runOnlyForDeploymentPostprocessing = 0;
		};
		B66F78472453850200E0727E /* Sources */ = {
			isa = PBXSourcesBuildPhase;
			buildActionMask = 2147483647;
			files = (
				B66F784E2453850200E0727E /* GiftedTests.swift in Sources */,
			);
			runOnlyForDeploymentPostprocessing = 0;
		};
/* End PBXSourcesBuildPhase section */

/* Begin PBXTargetDependency section */
		B66F7843245384F700E0727E /* PBXTargetDependency */ = {
			isa = PBXTargetDependency;
			target = B66F781824537AF400E0727E /* Gifted */;
			targetProxy = B66F7842245384F700E0727E /* PBXContainerItemProxy */;
		};
		B66F78512453850200E0727E /* PBXTargetDependency */ = {
			isa = PBXTargetDependency;
			target = B66F781824537AF400E0727E /* Gifted */;
			targetProxy = B66F78502453850200E0727E /* PBXContainerItemProxy */;
		};
/* End PBXTargetDependency section */

/* Begin PBXVariantGroup section */
		B66F782224537AF400E0727E /* Main.storyboard */ = {
			isa = PBXVariantGroup;
			children = (
				B66F782324537AF400E0727E /* Base */,
			);
			name = Main.storyboard;
			sourceTree = "<group>";
		};
		B66F782724537AF500E0727E /* LaunchScreen.storyboard */ = {
			isa = PBXVariantGroup;
			children = (
				B66F782824537AF500E0727E /* Base */,
			);
			name = LaunchScreen.storyboard;
			sourceTree = "<group>";
		};
/* End PBXVariantGroup section */

/* Begin XCBuildConfiguration section */
		B66F782B24537AF500E0727E /* Debug */ = {
			isa = XCBuildConfiguration;
			buildSettings = {
				ALWAYS_SEARCH_USER_PATHS = NO;
				CLANG_ANALYZER_NONNULL = YES;
				CLANG_ANALYZER_NUMBER_OBJECT_CONVERSION = YES_AGGRESSIVE;
				CLANG_CXX_LANGUAGE_STANDARD = "gnu++14";
				CLANG_CXX_LIBRARY = "libc++";
				CLANG_ENABLE_MODULES = YES;
				CLANG_ENABLE_OBJC_ARC = YES;
				CLANG_ENABLE_OBJC_WEAK = YES;
				CLANG_WARN_BLOCK_CAPTURE_AUTORELEASING = YES;
				CLANG_WARN_BOOL_CONVERSION = YES;
				CLANG_WARN_COMMA = YES;
				CLANG_WARN_CONSTANT_CONVERSION = YES;
				CLANG_WARN_DEPRECATED_OBJC_IMPLEMENTATIONS = YES;
				CLANG_WARN_DIRECT_OBJC_ISA_USAGE = YES_ERROR;
				CLANG_WARN_DOCUMENTATION_COMMENTS = YES;
				CLANG_WARN_EMPTY_BODY = YES;
				CLANG_WARN_ENUM_CONVERSION = YES;
				CLANG_WARN_INFINITE_RECURSION = YES;
				CLANG_WARN_INT_CONVERSION = YES;
				CLANG_WARN_NON_LITERAL_NULL_CONVERSION = YES;
				CLANG_WARN_OBJC_IMPLICIT_RETAIN_SELF = YES;
				CLANG_WARN_OBJC_LITERAL_CONVERSION = YES;
				CLANG_WARN_OBJC_ROOT_CLASS = YES_ERROR;
				CLANG_WARN_RANGE_LOOP_ANALYSIS = YES;
				CLANG_WARN_STRICT_PROTOTYPES = YES;
				CLANG_WARN_SUSPICIOUS_MOVE = YES;
				CLANG_WARN_UNGUARDED_AVAILABILITY = YES_AGGRESSIVE;
				CLANG_WARN_UNREACHABLE_CODE = YES;
				CLANG_WARN__DUPLICATE_METHOD_MATCH = YES;
				COPY_PHASE_STRIP = NO;
				DEBUG_INFORMATION_FORMAT = dwarf;
				ENABLE_STRICT_OBJC_MSGSEND = YES;
				ENABLE_TESTABILITY = YES;
				GCC_C_LANGUAGE_STANDARD = gnu11;
				GCC_DYNAMIC_NO_PIC = NO;
				GCC_NO_COMMON_BLOCKS = YES;
				GCC_OPTIMIZATION_LEVEL = 0;
				GCC_PREPROCESSOR_DEFINITIONS = (
					"DEBUG=1",
					"$(inherited)",
				);
				GCC_WARN_64_TO_32_BIT_CONVERSION = YES;
				GCC_WARN_ABOUT_RETURN_TYPE = YES_ERROR;
				GCC_WARN_UNDECLARED_SELECTOR = YES;
				GCC_WARN_UNINITIALIZED_AUTOS = YES_AGGRESSIVE;
				GCC_WARN_UNUSED_FUNCTION = YES;
				GCC_WARN_UNUSED_VARIABLE = YES;
				IPHONEOS_DEPLOYMENT_TARGET = 13.0;
				MTL_ENABLE_DEBUG_INFO = INCLUDE_SOURCE;
				MTL_FAST_MATH = YES;
				ONLY_ACTIVE_ARCH = YES;
				SDKROOT = iphoneos;
				SWIFT_ACTIVE_COMPILATION_CONDITIONS = DEBUG;
				SWIFT_OPTIMIZATION_LEVEL = "-Onone";
			};
			name = Debug;
		};
		B66F782C24537AF500E0727E /* Release */ = {
			isa = XCBuildConfiguration;
			buildSettings = {
				ALWAYS_SEARCH_USER_PATHS = NO;
				CLANG_ANALYZER_NONNULL = YES;
				CLANG_ANALYZER_NUMBER_OBJECT_CONVERSION = YES_AGGRESSIVE;
				CLANG_CXX_LANGUAGE_STANDARD = "gnu++14";
				CLANG_CXX_LIBRARY = "libc++";
				CLANG_ENABLE_MODULES = YES;
				CLANG_ENABLE_OBJC_ARC = YES;
				CLANG_ENABLE_OBJC_WEAK = YES;
				CLANG_WARN_BLOCK_CAPTURE_AUTORELEASING = YES;
				CLANG_WARN_BOOL_CONVERSION = YES;
				CLANG_WARN_COMMA = YES;
				CLANG_WARN_CONSTANT_CONVERSION = YES;
				CLANG_WARN_DEPRECATED_OBJC_IMPLEMENTATIONS = YES;
				CLANG_WARN_DIRECT_OBJC_ISA_USAGE = YES_ERROR;
				CLANG_WARN_DOCUMENTATION_COMMENTS = YES;
				CLANG_WARN_EMPTY_BODY = YES;
				CLANG_WARN_ENUM_CONVERSION = YES;
				CLANG_WARN_INFINITE_RECURSION = YES;
				CLANG_WARN_INT_CONVERSION = YES;
				CLANG_WARN_NON_LITERAL_NULL_CONVERSION = YES;
				CLANG_WARN_OBJC_IMPLICIT_RETAIN_SELF = YES;
				CLANG_WARN_OBJC_LITERAL_CONVERSION = YES;
				CLANG_WARN_OBJC_ROOT_CLASS = YES_ERROR;
				CLANG_WARN_RANGE_LOOP_ANALYSIS = YES;
				CLANG_WARN_STRICT_PROTOTYPES = YES;
				CLANG_WARN_SUSPICIOUS_MOVE = YES;
				CLANG_WARN_UNGUARDED_AVAILABILITY = YES_AGGRESSIVE;
				CLANG_WARN_UNREACHABLE_CODE = YES;
				CLANG_WARN__DUPLICATE_METHOD_MATCH = YES;
				COPY_PHASE_STRIP = NO;
				DEBUG_INFORMATION_FORMAT = "dwarf-with-dsym";
				ENABLE_NS_ASSERTIONS = NO;
				ENABLE_STRICT_OBJC_MSGSEND = YES;
				GCC_C_LANGUAGE_STANDARD = gnu11;
				GCC_NO_COMMON_BLOCKS = YES;
				GCC_WARN_64_TO_32_BIT_CONVERSION = YES;
				GCC_WARN_ABOUT_RETURN_TYPE = YES_ERROR;
				GCC_WARN_UNDECLARED_SELECTOR = YES;
				GCC_WARN_UNINITIALIZED_AUTOS = YES_AGGRESSIVE;
				GCC_WARN_UNUSED_FUNCTION = YES;
				GCC_WARN_UNUSED_VARIABLE = YES;
				"INFOPLIST_FILE[sdk=*]" = Gifted/Resources/Info.plist;
				IPHONEOS_DEPLOYMENT_TARGET = 13.0;
				MTL_ENABLE_DEBUG_INFO = NO;
				MTL_FAST_MATH = YES;
				SDKROOT = iphoneos;
				SWIFT_COMPILATION_MODE = wholemodule;
				SWIFT_OPTIMIZATION_LEVEL = "-O";
				VALIDATE_PRODUCT = YES;
			};
			name = Release;
		};
		B66F782E24537AF500E0727E /* Debug */ = {
			isa = XCBuildConfiguration;
			buildSettings = {
				ASSETCATALOG_COMPILER_APPICON_NAME = AppIcon;
				CODE_SIGN_STYLE = Automatic;
				DEVELOPMENT_TEAM = 4939K9623X;
				INFOPLIST_FILE = Gifted/Resources/Info.plist;
				IPHONEOS_DEPLOYMENT_TARGET = 13.0;
				LD_RUNPATH_SEARCH_PATHS = (
					"$(inherited)",
					"@executable_path/Frameworks",
				);
				PRODUCT_BUNDLE_IDENTIFIER = com.nick.Gifted;
				PRODUCT_NAME = "$(TARGET_NAME)";
				SWIFT_VERSION = 5.0;
				TARGETED_DEVICE_FAMILY = 1;
			};
			name = Debug;
		};
		B66F782F24537AF500E0727E /* Release */ = {
			isa = XCBuildConfiguration;
			buildSettings = {
				ASSETCATALOG_COMPILER_APPICON_NAME = AppIcon;
				CODE_SIGN_STYLE = Automatic;
				DEVELOPMENT_TEAM = 4939K9623X;
				INFOPLIST_FILE = Gifted/Resources/Info.plist;
				IPHONEOS_DEPLOYMENT_TARGET = 13.0;
				LD_RUNPATH_SEARCH_PATHS = (
					"$(inherited)",
					"@executable_path/Frameworks",
				);
				PRODUCT_BUNDLE_IDENTIFIER = com.nick.Gifted;
				PRODUCT_NAME = "$(TARGET_NAME)";
				SWIFT_VERSION = 5.0;
				TARGETED_DEVICE_FAMILY = 1;
			};
			name = Release;
		};
		B66F7845245384F700E0727E /* Debug */ = {
			isa = XCBuildConfiguration;
			buildSettings = {
				CODE_SIGN_STYLE = Automatic;
				DEVELOPMENT_TEAM = 4939K9623X;
				INFOPLIST_FILE = GiftedUITests/Info.plist;
				LD_RUNPATH_SEARCH_PATHS = (
					"$(inherited)",
					"@executable_path/Frameworks",
					"@loader_path/Frameworks",
				);
				PRODUCT_BUNDLE_IDENTIFIER = com.nick.GiftedUITests;
				PRODUCT_NAME = "$(TARGET_NAME)";
				SWIFT_VERSION = 5.0;
				TARGETED_DEVICE_FAMILY = "1,2";
				TEST_TARGET_NAME = Gifted;
			};
			name = Debug;
		};
		B66F7846245384F700E0727E /* Release */ = {
			isa = XCBuildConfiguration;
			buildSettings = {
				CODE_SIGN_STYLE = Automatic;
				DEVELOPMENT_TEAM = 4939K9623X;
				INFOPLIST_FILE = GiftedUITests/Info.plist;
				LD_RUNPATH_SEARCH_PATHS = (
					"$(inherited)",
					"@executable_path/Frameworks",
					"@loader_path/Frameworks",
				);
				PRODUCT_BUNDLE_IDENTIFIER = com.nick.GiftedUITests;
				PRODUCT_NAME = "$(TARGET_NAME)";
				SWIFT_VERSION = 5.0;
				TARGETED_DEVICE_FAMILY = "1,2";
				TEST_TARGET_NAME = Gifted;
			};
			name = Release;
		};
		B66F78532453850200E0727E /* Debug */ = {
			isa = XCBuildConfiguration;
			buildSettings = {
				BUNDLE_LOADER = "$(TEST_HOST)";
				CODE_SIGN_STYLE = Automatic;
				DEVELOPMENT_TEAM = 4939K9623X;
				INFOPLIST_FILE = GiftedTests/Info.plist;
				LD_RUNPATH_SEARCH_PATHS = (
					"$(inherited)",
					"@executable_path/Frameworks",
					"@loader_path/Frameworks",
				);
				PRODUCT_BUNDLE_IDENTIFIER = com.nick.GiftedTests;
				PRODUCT_NAME = "$(TARGET_NAME)";
				SWIFT_VERSION = 5.0;
				TARGETED_DEVICE_FAMILY = "1,2";
				TEST_HOST = "$(BUILT_PRODUCTS_DIR)/Gifted.app/Gifted";
			};
			name = Debug;
		};
		B66F78542453850200E0727E /* Release */ = {
			isa = XCBuildConfiguration;
			buildSettings = {
				BUNDLE_LOADER = "$(TEST_HOST)";
				CODE_SIGN_STYLE = Automatic;
				DEVELOPMENT_TEAM = 4939K9623X;
				INFOPLIST_FILE = GiftedTests/Info.plist;
				LD_RUNPATH_SEARCH_PATHS = (
					"$(inherited)",
					"@executable_path/Frameworks",
					"@loader_path/Frameworks",
				);
				PRODUCT_BUNDLE_IDENTIFIER = com.nick.GiftedTests;
				PRODUCT_NAME = "$(TARGET_NAME)";
				SWIFT_VERSION = 5.0;
				TARGETED_DEVICE_FAMILY = "1,2";
				TEST_HOST = "$(BUILT_PRODUCTS_DIR)/Gifted.app/Gifted";
			};
			name = Release;
		};
/* End XCBuildConfiguration section */

/* Begin XCConfigurationList section */
		B66F781424537AF400E0727E /* Build configuration list for PBXProject "Gifted" */ = {
			isa = XCConfigurationList;
			buildConfigurations = (
				B66F782B24537AF500E0727E /* Debug */,
				B66F782C24537AF500E0727E /* Release */,
			);
			defaultConfigurationIsVisible = 0;
			defaultConfigurationName = Release;
		};
		B66F782D24537AF500E0727E /* Build configuration list for PBXNativeTarget "Gifted" */ = {
			isa = XCConfigurationList;
			buildConfigurations = (
				B66F782E24537AF500E0727E /* Debug */,
				B66F782F24537AF500E0727E /* Release */,
			);
			defaultConfigurationIsVisible = 0;
			defaultConfigurationName = Release;
		};
		B66F7844245384F700E0727E /* Build configuration list for PBXNativeTarget "GiftedUITests" */ = {
			isa = XCConfigurationList;
			buildConfigurations = (
				B66F7845245384F700E0727E /* Debug */,
				B66F7846245384F700E0727E /* Release */,
			);
			defaultConfigurationIsVisible = 0;
			defaultConfigurationName = Release;
		};
		B66F78522453850200E0727E /* Build configuration list for PBXNativeTarget "GiftedTests" */ = {
			isa = XCConfigurationList;
			buildConfigurations = (
				B66F78532453850200E0727E /* Debug */,
				B66F78542453850200E0727E /* Release */,
			);
			defaultConfigurationIsVisible = 0;
			defaultConfigurationName = Release;
		};
/* End XCConfigurationList section */
	};
	rootObject = B66F781124537AF400E0727E /* Project object */;
}
